
Microsoft Visual Studio Solution File, Format Version 12.00
# Visual Studio Version 16
VisualStudioVersion = 16.0.30523.141
MinimumVisualStudioVersion = 10.0.40219.1
Project("{9A19103F-16F7-4668-BE54-9A1E7A4F7556}") = "Client-Module", "Client-Module\Client-Module.csproj", "{2E3CED79-52CB-4330-9A9F-B56F70DC40C5}"
EndProject
Project("{9A19103F-16F7-4668-BE54-9A1E7A4F7556}") = "SeleniumTests", "SeleniumTests\SeleniumTests.csproj", "{FDD86CF2-7D0A-43E2-BEBB-3295F98620D7}"
EndProject
Project("{9A19103F-16F7-4668-BE54-9A1E7A4F7556}") = "ServerApiMockupControllers", "ServerApiMockupControllers\ServerApiMockupControllers.csproj", "{587B344D-BB1E-4D10-A800-318D03E59EC9}"
EndProject
Project("{9A19103F-16F7-4668-BE54-9A1E7A4F7556}") = "ClientModule.Tests", "Client-Module.Tests\ClientModule.Tests.csproj", "{95126368-DCB2-4567-A8A9-2EB6A392E2CA}"
EndProject
Global
	GlobalSection(SolutionConfigurationPlatforms) = preSolution
		Debug|Any CPU = Debug|Any CPU
		Release|Any CPU = Release|Any CPU
	EndGlobalSection
	GlobalSection(ProjectConfigurationPlatforms) = postSolution
		{2E3CED79-52CB-4330-9A9F-B56F70DC40C5}.Debug|Any CPU.ActiveCfg = Debug|Any CPU
		{2E3CED79-52CB-4330-9A9F-B56F70DC40C5}.Debug|Any CPU.Build.0 = Debug|Any CPU
		{2E3CED79-52CB-4330-9A9F-B56F70DC40C5}.Release|Any CPU.ActiveCfg = Release|Any CPU
		{2E3CED79-52CB-4330-9A9F-B56F70DC40C5}.Release|Any CPU.Build.0 = Release|Any CPU
		{FDD86CF2-7D0A-43E2-BEBB-3295F98620D7}.Debug|Any CPU.ActiveCfg = Debug|Any CPU
		{FDD86CF2-7D0A-43E2-BEBB-3295F98620D7}.Debug|Any CPU.Build.0 = Debug|Any CPU
		{FDD86CF2-7D0A-43E2-BEBB-3295F98620D7}.Release|Any CPU.ActiveCfg = Release|Any CPU
		{FDD86CF2-7D0A-43E2-BEBB-3295F98620D7}.Release|Any CPU.Build.0 = Release|Any CPU
		{587B344D-BB1E-4D10-A800-318D03E59EC9}.Debug|Any CPU.ActiveCfg = Debug|Any CPU
		{587B344D-BB1E-4D10-A800-318D03E59EC9}.Debug|Any CPU.Build.0 = Debug|Any CPU
		{587B344D-BB1E-4D10-A800-318D03E59EC9}.Release|Any CPU.ActiveCfg = Release|Any CPU
		{587B344D-BB1E-4D10-A800-318D03E59EC9}.Release|Any CPU.Build.0 = Release|Any CPU
		{95126368-DCB2-4567-A8A9-2EB6A392E2CA}.Debug|Any CPU.ActiveCfg = Debug|Any CPU
		{95126368-DCB2-4567-A8A9-2EB6A392E2CA}.Debug|Any CPU.Build.0 = Debug|Any CPU
		{95126368-DCB2-4567-A8A9-2EB6A392E2CA}.Release|Any CPU.ActiveCfg = Release|Any CPU
		{95126368-DCB2-4567-A8A9-2EB6A392E2CA}.Release|Any CPU.Build.0 = Release|Any CPU
	EndGlobalSection
	GlobalSection(SolutionProperties) = preSolution
		HideSolutionNode = FALSE
	EndGlobalSection
	GlobalSection(ExtensibilityGlobals) = postSolution
		SolutionGuid = {D407CE94-25E8-4546-80A7-5BE5055C43D1}
	EndGlobalSection
EndGlobal
